# THIS IS AN AUTOGENERATED FILE. DO NOT EDIT THIS FILE DIRECTLY.
# yarn lockfile v1


"@zetachain/protocol-contracts@^3.0.2":
  version "3.0.2"
  resolved "https://registry.yarnpkg.com/@zetachain/protocol-contracts/-/protocol-contracts-3.0.2.tgz#384b73484fedd1cba130af473f92664293f3ac1e"
  integrity sha512-5Z66o0AdOtHYWFfcgjsH9Y79bHHK/h9I+TsOwHsIiqOp/fTdGLZ2HJO/PKgjbeUsfvI2RMm/UyYYWgsX6gucBQ==
